// !$*UTF8*$!
{
	archiveVersion = 1;
	classes = {
	};
	objectVersion = 55;
	objects = {

/* Begin PBXBuildFile section */
		1333A7FA2882D11800D3EE25 /* AppDelegate.swift in Sources */ = {isa = PBXBuildFile; fileRef = 1333A7F92882D11800D3EE25 /* AppDelegate.swift */; };
		1333A7FC2882D11800D3EE25 /* SceneDelegate.swift in Sources */ = {isa = PBXBuildFile; fileRef = 1333A7FB2882D11800D3EE25 /* SceneDelegate.swift */; };
		1333A7FE2882D11800D3EE25 /* ViewController.swift in Sources */ = {isa = PBXBuildFile; fileRef = 1333A7FD2882D11800D3EE25 /* ViewController.swift */; };
		1333A8012882D11800D3EE25 /* Main.storyboard in Resources */ = {isa = PBXBuildFile; fileRef = 1333A7FF2882D11800D3EE25 /* Main.storyboard */; };
		1333A8032882D11A00D3EE25 /* Assets.xcassets in Resources */ = {isa = PBXBuildFile; fileRef = 1333A8022882D11A00D3EE25 /* Assets.xcassets */; };
		1333A8062882D11A00D3EE25 /* LaunchScreen.storyboard in Resources */ = {isa = PBXBuildFile; fileRef = 1333A8042882D11A00D3EE25 /* LaunchScreen.storyboard */; };
		1333A80F2882F41300D3EE25 /* CoinManager.swift in Sources */ = {isa = PBXBuildFile; fileRef = 1333A80E2882F41300D3EE25 /* CoinManager.swift */; };
		1333A81728844BCA00D3EE25 /* CoinData.swift in Sources */ = {isa = PBXBuildFile; fileRef = 1333A81628844BCA00D3EE25 /* CoinData.swift */; };
/* End PBXBuildFile section */

/* Begin PBXFileReference section */
		1333A7F62882D11800D3EE25 /* ByteCoin.app */ = {isa = PBXFileReference; explicitFileType = wrapper.application; includeInIndex = 0; path = ByteCoin.app; sourceTree = BUILT_PRODUCTS_DIR; };
		1333A7F92882D11800D3EE25 /* AppDelegate.swift */ = {isa = PBXFileReference; lastKnownFileType = sourcecode.swift; path = AppDelegate.swift; sourceTree = "<group>"; };
		1333A7FB2882D11800D3EE25 /* SceneDelegate.swift */ = {isa = PBXFileReference; lastKnownFileType = sourcecode.swift; path = SceneDelegate.swift; sourceTree = "<group>"; };
		1333A7FD2882D11800D3EE25 /* ViewController.swift */ = {isa = PBXFileReference; lastKnownFileType = sourcecode.swift; path = ViewController.swift; sourceTree = "<group>"; };
		1333A8002882D11800D3EE25 /* Base */ = {isa = PBXFileReference; lastKnownFileType = file.storyboard; name = Base; path = Base.lproj/Main.storyboard; sourceTree = "<group>"; };
		1333A8022882D11A00D3EE25 /* Assets.xcassets */ = {isa = PBXFileReference; lastKnownFileType = folder.assetcatalog; path = Assets.xcassets; sourceTree = "<group>"; };
		1333A8052882D11A00D3EE25 /* Base */ = {isa = PBXFileReference; lastKnownFileType = file.storyboard; name = Base; path = Base.lproj/LaunchScreen.storyboard; sourceTree = "<group>"; };
		1333A8072882D11A00D3EE25 /* Info.plist */ = {isa = PBXFileReference; lastKnownFileType = text.plist.xml; path = Info.plist; sourceTree = "<group>"; };
		1333A80E2882F41300D3EE25 /* CoinManager.swift */ = {isa = PBXFileReference; lastKnownFileType = sourcecode.swift; path = CoinManager.swift; sourceTree = "<group>"; };
		1333A81628844BCA00D3EE25 /* CoinData.swift */ = {isa = PBXFileReference; lastKnownFileType = sourcecode.swift; path = CoinData.swift; sourceTree = "<group>"; };
/* End PBXFileReference section */

/* Begin PBXFrameworksBuildPhase section */
		1333A7F32882D11800D3EE25 /* Frameworks */ = {
			isa = PBXFrameworksBuildPhase;
			buildActionMask = 2147483647;
			files = (
			);
			runOnlyForDeploymentPostprocessing = 0;
		};
/* End PBXFrameworksBuildPhase section */

/* Begin PBXGroup section */
		1333A7ED2882D11800D3EE25 = {
			isa = PBXGroup;
			children = (
				1333A7F82882D11800D3EE25 /* ByteCoin */,
				1333A7F72882D11800D3EE25 /* Products */,
			);
			sourceTree = "<group>";
		};
		1333A7F72882D11800D3EE25 /* Products */ = {
			isa = PBXGroup;
			children = (
				1333A7F62882D11800D3EE25 /* ByteCoin.app */,
			);
			name = Products;
			sourceTree = "<group>";
		};
		1333A7F82882D11800D3EE25 /* ByteCoin */ = {
			isa = PBXGroup;
			children = (
				1333A8102882F42700D3EE25 /* Application */,
				1333A80D2882F3F800D3EE25 /* Model */,
				1333A8142882F47200D3EE25 /* View */,
				1333A8132882F45A00D3EE25 /* Controllers */,
				1333A8152882F49800D3EE25 /* Resources */,
			);
			path = ByteCoin;
			sourceTree = "<group>";
		};
		1333A80D2882F3F800D3EE25 /* Model */ = {
			isa = PBXGroup;
			children = (
				1333A80E2882F41300D3EE25 /* CoinManager.swift */,
				1333A81628844BCA00D3EE25 /* CoinData.swift */,
			);
			path = Model;
			sourceTree = "<group>";
		};
		1333A8102882F42700D3EE25 /* Application */ = {
			isa = PBXGroup;
			children = (
				1333A7F92882D11800D3EE25 /* AppDelegate.swift */,
				1333A7FB2882D11800D3EE25 /* SceneDelegate.swift */,
			);
			path = Application;
			sourceTree = "<group>";
		};
		1333A8132882F45A00D3EE25 /* Controllers */ = {
			isa = PBXGroup;
			children = (
				1333A7FD2882D11800D3EE25 /* ViewController.swift */,
			);
			path = Controllers;
			sourceTree = "<group>";
		};
		1333A8142882F47200D3EE25 /* View */ = {
			isa = PBXGroup;
			children = (
				1333A7FF2882D11800D3EE25 /* Main.storyboard */,
			);
			path = View;
			sourceTree = "<group>";
		};
		1333A8152882F49800D3EE25 /* Resources */ = {
			isa = PBXGroup;
			children = (
				1333A8042882D11A00D3EE25 /* LaunchScreen.storyboard */,
				1333A8022882D11A00D3EE25 /* Assets.xcassets */,
				1333A8072882D11A00D3EE25 /* Info.plist */,
			);
			path = Resources;
			sourceTree = "<group>";
		};
/* End PBXGroup section */

/* Begin PBXNativeTarget section */
		1333A7F52882D11800D3EE25 /* ByteCoin */ = {
			isa = PBXNativeTarget;
			buildConfigurationList = 1333A80A2882D11A00D3EE25 /* Build configuration list for PBXNativeTarget "ByteCoin" */;
			buildPhases = (
				1333A7F22882D11800D3EE25 /* Sources */,
				1333A7F32882D11800D3EE25 /* Frameworks */,
				1333A7F42882D11800D3EE25 /* Resources */,
			);
			buildRules = (
			);
			dependencies = (
			);
			name = ByteCoin;
			productName = ByteCoin;
			productReference = 1333A7F62882D11800D3EE25 /* ByteCoin.app */;
			productType = "com.apple.product-type.application";
		};
/* End PBXNativeTarget section */

/* Begin PBXProject section */
		1333A7EE2882D11800D3EE25 /* Project object */ = {
			isa = PBXProject;
			attributes = {
				BuildIndependentTargetsInParallel = 1;
				LastSwiftUpdateCheck = 1340;
				LastUpgradeCheck = 1340;
				TargetAttributes = {
					1333A7F52882D11800D3EE25 = {
						CreatedOnToolsVersion = 13.4.1;
					};
				};
			};
			buildConfigurationList = 1333A7F12882D11800D3EE25 /* Build configuration list for PBXProject "ByteCoin" */;
			compatibilityVersion = "Xcode 13.0";
			developmentRegion = en;
			hasScannedForEncodings = 0;
			knownRegions = (
				en,
				Base,
			);
			mainGroup = 1333A7ED2882D11800D3EE25;
			productRefGroup = 1333A7F72882D11800D3EE25 /* Products */;
			projectDirPath = "";
			projectRoot = "";
			targets = (
				1333A7F52882D11800D3EE25 /* ByteCoin */,
			);
		};
/* End PBXProject section */

/* Begin PBXResourcesBuildPhase section */
		1333A7F42882D11800D3EE25 /* Resources */ = {
			isa = PBXResourcesBuildPhase;
			buildActionMask = 2147483647;
			files = (
				1333A8062882D11A00D3EE25 /* LaunchScreen.storyboard in Resources */,
				1333A8032882D11A00D3EE25 /* Assets.xcassets in Resources */,
				1333A8012882D11800D3EE25 /* Main.storyboard in Resources */,
			);
			runOnlyForDeploymentPostprocessing = 0;
		};
/* End PBXResourcesBuildPhase section */

/* Begin PBXSourcesBuildPhase section */
		1333A7F22882D11800D3EE25 /* Sources */ = {
			isa = PBXSourcesBuildPhase;
			buildActionMask = 2147483647;
			files = (
				1333A80F2882F41300D3EE25 /* CoinManager.swift in Sources */,
				1333A7FE2882D11800D3EE25 /* ViewController.swift in Sources */,
				1333A81728844BCA00D3EE25 /* CoinData.swift in Sources */,
				1333A7FA2882D11800D3EE25 /* AppDelegate.swift in Sources */,
				1333A7FC2882D11800D3EE25 /* SceneDelegate.swift in Sources */,
			);
			runOnlyForDeploymentPostprocessing = 0;
		};
/* End PBXSourcesBuildPhase section */

/* Begin PBXVariantGroup section */
		1333A7FF2882D11800D3EE25 /* Main.storyboard */ = {
			isa = PBXVariantGroup;
			children = (
				1333A8002882D11800D3EE25 /* Base */,
			);
			name = Main.storyboard;
			sourceTree = "<group>";
		};
		1333A8042882D11A00D3EE25 /* LaunchScreen.storyboard */ = {
			isa = PBXVariantGroup;
			children = (
				1333A8052882D11A00D3EE25 /* Base */,
			);
			name = LaunchScreen.storyboard;
			sourceTree = "<group>";
		};
/* End PBXVariantGroup section */

/* Begin XCBuildConfiguration section */
		1333A8082882D11A00D3EE25 /* Debug */ = {
			isa = XCBuildConfiguration;
			buildSettings = {
				ALWAYS_SEARCH_USER_PATHS = NO;
				CLANG_ANALYZER_NONNULL = YES;
				CLANG_ANALYZER_NUMBER_OBJECT_CONVERSION = YES_AGGRESSIVE;
				CLANG_CXX_LANGUAGE_STANDARD = "gnu++17";
				CLANG_ENABLE_MODULES = YES;
				CLANG_ENABLE_OBJC_ARC = YES;
				CLANG_ENABLE_OBJC_WEAK = YES;
				CLANG_WARN_BLOCK_CAPTURE_AUTORELEASING = YES;
				CLANG_WARN_BOOL_CONVERSION = YES;
				CLANG_WARN_COMMA = YES;
				CLANG_WARN_CONSTANT_CONVERSION = YES;
				CLANG_WARN_DEPRECATED_OBJC_IMPLEMENTATIONS = YES;
				CLANG_WARN_DIRECT_OBJC_ISA_USAGE = YES_ERROR;
				CLANG_WARN_DOCUMENTATION_COMMENTS = YES;
				CLANG_WARN_EMPTY_BODY = YES;
				CLANG_WARN_ENUM_CONVERSION = YES;
				CLANG_WARN_INFINITE_RECURSION = YES;
				CLANG_WARN_INT_CONVERSION = YES;
				CLANG_WARN_NON_LITERAL_NULL_CONVERSION = YES;
				CLANG_WARN_OBJC_IMPLICIT_RETAIN_SELF = YES;
				CLANG_WARN_OBJC_LITERAL_CONVERSION = YES;
				CLANG_WARN_OBJC_ROOT_CLASS = YES_ERROR;
				CLANG_WARN_QUOTED_INCLUDE_IN_FRAMEWORK_HEADER = YES;
				CLANG_WARN_RANGE_LOOP_ANALYSIS = YES;
				CLANG_WARN_STRICT_PROTOTYPES = YES;
				CLANG_WARN_SUSPICIOUS_MOVE = YES;
				CLANG_WARN_UNGUARDED_AVAILABILITY = YES_AGGRESSIVE;
				CLANG_WARN_UNREACHABLE_CODE = YES;
				CLANG_WARN__DUPLICATE_METHOD_MATCH = YES;
				COPY_PHASE_STRIP = NO;
				DEBUG_INFORMATION_FORMAT = dwarf;
				ENABLE_STRICT_OBJC_MSGSEND = YES;
				ENABLE_TESTABILITY = YES;
				GCC_C_LANGUAGE_STANDARD = gnu11;
				GCC_DYNAMIC_NO_PIC = NO;
				GCC_NO_COMMON_BLOCKS = YES;
				GCC_OPTIMIZATION_LEVEL = 0;
				GCC_PREPROCESSOR_DEFINITIONS = (
					"DEBUG=1",
					"$(inherited)",
				);
				GCC_WARN_64_TO_32_BIT_CONVERSION = YES;
				GCC_WARN_ABOUT_RETURN_TYPE = YES_ERROR;
				GCC_WARN_UNDECLARED_SELECTOR = YES;
				GCC_WARN_UNINITIALIZED_AUTOS = YES_AGGRESSIVE;
				GCC_WARN_UNUSED_FUNCTION = YES;
				GCC_WARN_UNUSED_VARIABLE = YES;
				IPHONEOS_DEPLOYMENT_TARGET = 15.5;
				MTL_ENABLE_DEBUG_INFO = INCLUDE_SOURCE;
				MTL_FAST_MATH = YES;
				ONLY_ACTIVE_ARCH = YES;
				SDKROOT = iphoneos;
				SWIFT_ACTIVE_COMPILATION_CONDITIONS = DEBUG;
				SWIFT_OPTIMIZATION_LEVEL = "-Onone";
			};
			name = Debug;
		};
		1333A8092882D11A00D3EE25 /* Release */ = {
			isa = XCBuildConfiguration;
			buildSettings = {
				ALWAYS_SEARCH_USER_PATHS = NO;
				CLANG_ANALYZER_NONNULL = YES;
				CLANG_ANALYZER_NUMBER_OBJECT_CONVERSION = YES_AGGRESSIVE;
				CLANG_CXX_LANGUAGE_STANDARD = "gnu++17";
				CLANG_ENABLE_MODULES = YES;
				CLANG_ENABLE_OBJC_ARC = YES;
				CLANG_ENABLE_OBJC_WEAK = YES;
				CLANG_WARN_BLOCK_CAPTURE_AUTORELEASING = YES;
				CLANG_WARN_BOOL_CONVERSION = YES;
				CLANG_WARN_COMMA = YES;
				CLANG_WARN_CONSTANT_CONVERSION = YES;
				CLANG_WARN_DEPRECATED_OBJC_IMPLEMENTATIONS = YES;
				CLANG_WARN_DIRECT_OBJC_ISA_USAGE = YES_ERROR;
				CLANG_WARN_DOCUMENTATION_COMMENTS = YES;
				CLANG_WARN_EMPTY_BODY = YES;
				CLANG_WARN_ENUM_CONVERSION = YES;
				CLANG_WARN_INFINITE_RECURSION = YES;
				CLANG_WARN_INT_CONVERSION = YES;
				CLANG_WARN_NON_LITERAL_NULL_CONVERSION = YES;
				CLANG_WARN_OBJC_IMPLICIT_RETAIN_SELF = YES;
				CLANG_WARN_OBJC_LITERAL_CONVERSION = YES;
				CLANG_WARN_OBJC_ROOT_CLASS = YES_ERROR;
				CLANG_WARN_QUOTED_INCLUDE_IN_FRAMEWORK_HEADER = YES;
				CLANG_WARN_RANGE_LOOP_ANALYSIS = YES;
				CLANG_WARN_STRICT_PROTOTYPES = YES;
				CLANG_WARN_SUSPICIOUS_MOVE = YES;
				CLANG_WARN_UNGUARDED_AVAILABILITY = YES_AGGRESSIVE;
				CLANG_WARN_UNREACHABLE_CODE = YES;
				CLANG_WARN__DUPLICATE_METHOD_MATCH = YES;
				COPY_PHASE_STRIP = NO;
				DEBUG_INFORMATION_FORMAT = "dwarf-with-dsym";
				ENABLE_NS_ASSERTIONS = NO;
				ENABLE_STRICT_OBJC_MSGSEND = YES;
				GCC_C_LANGUAGE_STANDARD = gnu11;
				GCC_NO_COMMON_BLOCKS = YES;
				GCC_WARN_64_TO_32_BIT_CONVERSION = YES;
				GCC_WARN_ABOUT_RETURN_TYPE = YES_ERROR;
				GCC_WARN_UNDECLARED_SELECTOR = YES;
				GCC_WARN_UNINITIALIZED_AUTOS = YES_AGGRESSIVE;
				GCC_WARN_UNUSED_FUNCTION = YES;
				GCC_WARN_UNUSED_VARIABLE = YES;
				IPHONEOS_DEPLOYMENT_TARGET = 15.5;
				MTL_ENABLE_DEBUG_INFO = NO;
				MTL_FAST_MATH = YES;
				SDKROOT = iphoneos;
				SWIFT_COMPILATION_MODE = wholemodule;
				SWIFT_OPTIMIZATION_LEVEL = "-O";
				VALIDATE_PRODUCT = YES;
			};
			name = Release;
		};
		1333A80B2882D11A00D3EE25 /* Debug */ = {
			isa = XCBuildConfiguration;
			buildSettings = {
				ASSETCATALOG_COMPILER_APPICON_NAME = AppIcon;
				ASSETCATALOG_COMPILER_GLOBAL_ACCENT_COLOR_NAME = AccentColor;
				CODE_SIGN_STYLE = Automatic;
				CURRENT_PROJECT_VERSION = 1;
				DEVELOPMENT_TEAM = S9H5A5QY2N;
				GENERATE_INFOPLIST_FILE = YES;
				INFOPLIST_FILE = ByteCoin/Resources/Info.plist;
				INFOPLIST_KEY_UIApplicationSupportsIndirectInputEvents = YES;
				INFOPLIST_KEY_UILaunchStoryboardName = LaunchScreen;
				INFOPLIST_KEY_UIMainStoryboardFile = Main;
				INFOPLIST_KEY_UISupportedInterfaceOrientations_iPad = "UIInterfaceOrientationPortrait UIInterfaceOrientationPortraitUpsideDown UIInterfaceOrientationLandscapeLeft UIInterfaceOrientationLandscapeRight";
				INFOPLIST_KEY_UISupportedInterfaceOrientations_iPhone = "UIInterfaceOrientationPortrait UIInterfaceOrientationLandscapeLeft UIInterfaceOrientationLandscapeRight";
				LD_RUNPATH_SEARCH_PATHS = (
					"$(inherited)",
					"@executable_path/Frameworks",
				);
				MARKETING_VERSION = 1.0;
				PRODUCT_BUNDLE_IDENTIFIER = terentyev.va.ByteCoin;
				PRODUCT_NAME = "$(TARGET_NAME)";
				SWIFT_EMIT_LOC_STRINGS = YES;
				SWIFT_VERSION = 5.0;
				TARGETED_DEVICE_FAMILY = "1,2";
			};
			name = Debug;
		};
		1333A80C2882D11A00D3EE25 /* Release */ = {
			isa = XCBuildConfiguration;
			buildSettings = {
				ASSETCATALOG_COMPILER_APPICON_NAME = AppIcon;
				ASSETCATALOG_COMPILER_GLOBAL_ACCENT_COLOR_NAME = AccentColor;
				CODE_SIGN_STYLE = Automatic;
				CURRENT_PROJECT_VERSION = 1;
				DEVELOPMENT_TEAM = S9H5A5QY2N;
				GENERATE_INFOPLIST_FILE = YES;
				INFOPLIST_FILE = ByteCoin/Resources/Info.plist;
				INFOPLIST_KEY_UIApplicationSupportsIndirectInputEvents = YES;
				INFOPLIST_KEY_UILaunchStoryboardName = LaunchScreen;
				INFOPLIST_KEY_UIMainStoryboardFile = Main;
				INFOPLIST_KEY_UISupportedInterfaceOrientations_iPad = "UIInterfaceOrientationPortrait UIInterfaceOrientationPortraitUpsideDown UIInterfaceOrientationLandscapeLeft UIInterfaceOrientationLandscapeRight";
				INFOPLIST_KEY_UISupportedInterfaceOrientations_iPhone = "UIInterfaceOrientationPortrait UIInterfaceOrientationLandscapeLeft UIInterfaceOrientationLandscapeRight";
				LD_RUNPATH_SEARCH_PATHS = (
					"$(inherited)",
					"@executable_path/Frameworks",
				);
				MARKETING_VERSION = 1.0;
				PRODUCT_BUNDLE_IDENTIFIER = terentyev.va.ByteCoin;
				PRODUCT_NAME = "$(TARGET_NAME)";
				SWIFT_EMIT_LOC_STRINGS = YES;
				SWIFT_VERSION = 5.0;
				TARGETED_DEVICE_FAMILY = "1,2";
			};
			name = Release;
		};
/* End XCBuildConfiguration section */

/* Begin XCConfigurationList section */
		1333A7F12882D11800D3EE25 /* Build configuration list for PBXProject "ByteCoin" */ = {
			isa = XCConfigurationList;
			buildConfigurations = (
				1333A8082882D11A00D3EE25 /* Debug */,
				1333A8092882D11A00D3EE25 /* Release */,
			);
			defaultConfigurationIsVisible = 0;
			defaultConfigurationName = Release;
		};
		1333A80A2882D11A00D3EE25 /* Build configuration list for PBXNativeTarget "ByteCoin" */ = {
			isa = XCConfigurationList;
			buildConfigurations = (
				1333A80B2882D11A00D3EE25 /* Debug */,
				1333A80C2882D11A00D3EE25 /* Release */,
			);
			defaultConfigurationIsVisible = 0;
			defaultConfigurationName = Release;
		};
/* End XCConfigurationList section */
	};
	rootObject = 1333A7EE2882D11800D3EE25 /* Project object */;
}
